# THIS IS AN AUTOGENERATED FILE. DO NOT EDIT THIS FILE DIRECTLY.
# yarn lockfile v1


"@magenta/sketch@0.2.0":
  version "0.2.0"
  resolved "https://registry.yarnpkg.com/@magenta/sketch/-/sketch-0.2.0.tgz#f6767e2ab4ff72a67f790c8a615411a7ed5118d4"
  integrity sha512-vbbBU+fqDppu0O3v5E2XiwMpKf0cX0Oh5bLoKzBWUE8+Mri9t4ropYWl+Vwidp5RdpQ8qpiR5olT1jEbc7XW5w==
  dependencies:
    "@tensorflow/tfjs" "^1.0.2"

"@tensorflow-models/body-pix@1.0.1":
  version "1.0.1"
  resolved "https://registry.yarnpkg.com/@tensorflow-models/body-pix/-/body-pix-1.0.1.tgz#bcf0b680b14dd65f7249a922d16a5afb132c1549"
  integrity sha512-s63eE+ns6ArGZ6MiX7t95yzUPUxdUkEUFwG8jWkhAlDSANiqFFM1rmNcIp2iF2ldojftFRr2y7vwHGocFYrDdQ==

"@tensorflow-models/knn-classifier@1.0.0":
  version "1.0.0"
  resolved "https://registry.yarnpkg.com/@tensorflow-models/knn-classifier/-/knn-classifier-1.0.0.tgz#ca0b7ba45e462dfdf9c14193ad8a0b46752b5d64"
  integrity sha512-J0mHZ982/Y0XyoFZvxZQ9/KnRQIng2RunQkUFFi2u4q/58VykptcAcUwsrKj6JlgQbakR0oBmcz9M4PFHKmmNA==

"@tensorflow-models/mobilenet@1.0.0":
  version "1.0.0"
  resolved "https://registry.yarnpkg.com/@tensorflow-models/mobilenet/-/mobilenet-1.0.0.tgz#14209d1d8fb648719534e06e442218fe5917a39a"
  integrity sha512-NIi4wMIDi9d+zpB0DYlepQQD4qsh16Gxv8OtQg1bBMO8g+SX9c2st4EiiJJGQhTI1GXmtZgKhOHIXnsLqUlgow==

"@tensorflow-models/posenet@1.0.0":
  version "1.0.0"
  resolved "https://registry.yarnpkg.com/@tensorflow-models/posenet/-/posenet-1.0.0.tgz#c2ee32f35f9f03d6e92039d7b110a8f6df621e45"
  integrity sha512-uq/evoEMn3rD4J+yYIEp9S62bXn7mbMTEpSnnBz+rCEuzEEQkwNJByy99+K+OZfFPP71OtIkngDvrBhZxRe0OQ==

"@tensorflow-models/speech-commands@0.3.8":
  version "0.3.8"
  resolved "https://registry.yarnpkg.com/@tensorflow-models/speech-commands/-/speech-commands-0.3.8.tgz#bd16186e98da5f42be4461b859cfe0e7f8ea982d"
  integrity sha512-vuMennUQX4W7sBgo5F6TIFEXAx679qJADA2+d2//z0JODf5xCx038vq339K/cJzEIXGBlprbREFlYQUkojl8jQ==

"@tensorflow/tfjs-converter@1.1.2":
  version "1.1.2"
  resolved "https://registry.yarnpkg.com/@tensorflow/tfjs-converter/-/tfjs-converter-1.1.2.tgz#2400ac77b30f973f1fcb26c912b28271f7f4d605"
  integrity sha512-KuLIIJYzmRmtJXcjBH3inQVhTHbABj2TNAVS3ss12hzDiEE/RiRb/LZKo8XV2WczuZXTq+gxep84PWXSH/HQXA==

"@tensorflow/tfjs-converter@1.7.4":
  version "1.7.4"
  resolved "https://registry.yarnpkg.com/@tensorflow/tfjs-converter/-/tfjs-converter-1.7.4.tgz#90838fe9ca2d540f22a65fdcbe2311a01e786380"
  integrity sha512-B/Ux9I3osI0CXoESGR0Xe5C6BsEfC04+g2xn5zVaW9KEuVEnGEgnuBQxgijRFzkqTwoyLv4ptAmjyIghVARX0Q==

"@tensorflow/tfjs-core@1.1.2":
  version "1.1.2"
  resolved "https://registry.yarnpkg.com/@tensorflow/tfjs-core/-/tfjs-core-1.1.2.tgz#efb8b3688fbff353e51d41a3d832dde8c1bc321d"
  integrity sha512-xCAUIAh14OFnHt+IQUUZIH/P/jH/EWvewL0Ty6q6USUx4YZ+HvKwNw1G7h/gKki4A31BJ0avD04ylBKc75laGg==
  dependencies:
    "@types/seedrandom" "2.4.27"
    "@types/webgl-ext" "0.0.30"
    "@types/webgl2" "0.0.4"
    node-fetch "~2.1.2"
    seedrandom "2.4.3"
  optionalDependencies:
    rollup-plugin-visualizer "~1.1.1"

"@tensorflow/tfjs-core@1.7.4":
  version "1.7.4"
  resolved "https://registry.yarnpkg.com/@tensorflow/tfjs-core/-/tfjs-core-1.7.4.tgz#43a44bc01d46de98ee9f15c0b2a4d9af4723e7ea"
  integrity sha512-3G4VKJ6nPs7iCt6gs3bjRj8chihKrYWenf63R0pm7D9MhlrVoX/tpN4LYVMGgBL7jHPxMLKdOkoAZJrn/J88HQ==
  dependencies:
    "@types/offscreencanvas" "~2019.3.0"
    "@types/seedrandom" "2.4.27"
    "@types/webgl-ext" "0.0.30"
    "@types/webgl2" "0.0.4"
    node-fetch "~2.1.2"
    seedrandom "2.4.3"

"@tensorflow/tfjs-data@1.1.2":
  version "1.1.2"
  resolved "https://registry.yarnpkg.com/@tensorflow/tfjs-data/-/tfjs-data-1.1.2.tgz#f37809aa89946a834f3566bd090db852f2c4244e"
  integrity sha512-K30QdocXd5zn3rpGbRTC4sO42q8tK1SGqDHE2IEkvYzcg0PAU3cEMODGTLjKt0z1Lfy1JKgs0FPcvazqmxpjGA==
  dependencies:
    "@types/node-fetch" "^2.1.2"
    node-fetch "~2.1.2"

"@tensorflow/tfjs-data@1.7.4":
  version "1.7.4"
  resolved "https://registry.yarnpkg.com/@tensorflow/tfjs-data/-/tfjs-data-1.7.4.tgz#3aa1cb14ac48a0354acd21d08f177c8a262fbb32"
  integrity sha512-WFYG9wWjNDi62x6o3O20Q0XJxToCw2J4/fBEXiK/Gr0hIqVhl2oLQ1OjTWq7O08NUxM6BRzuG+ra3gWYdQUzOw==
  dependencies:
    "@types/node-fetch" "^2.1.2"
    node-fetch "~2.1.2"

"@tensorflow/tfjs-layers@1.1.2":
  version "1.1.2"
  resolved "https://registry.yarnpkg.com/@tensorflow/tfjs-layers/-/tfjs-layers-1.1.2.tgz#29393221446a877962b71084305597295504801e"
  integrity sha512-iP9mJz/79nK+sXBWdxQkeNIqn9p+O/x3g15ntIXpEaLXOGjQEE12iKtLCWgG3qH+FltOVt5hTbAXkj/yDym1Xg==

"@tensorflow/tfjs-layers@1.7.4":
  version "1.7.4"
  resolved "https://registry.yarnpkg.com/@tensorflow/tfjs-layers/-/tfjs-layers-1.7.4.tgz#93cdef70a4f414edb4ee470c49415d216f54ba20"
  integrity sha512-5/K8Z8RBfXsucL6EaSeb3/8jB/I8oPaaXkxwKVsBPQ+u6lB6LEtSKzeiFc57nDr5OMtVaUZV+pKDNEzP0RUQlg==

"@tensorflow/tfjs@1.1.2":
  version "1.1.2"
  resolved "https://registry.yarnpkg.com/@tensorflow/tfjs/-/tfjs-1.1.2.tgz#9a1c2bbc4d82f9d18f250ab4a4d7c8ad43e2d432"
  integrity sha512-b+ekLNEfMzaBszti6uGcS3pJoPNQuv1hxKEoY9Q3ix52fFJzI86nSvM1lwOcvUZy6DjPFDoyB8MO+dJHqecG5w==
  dependencies:
    "@tensorflow/tfjs-converter" "1.1.2"
    "@tensorflow/tfjs-core" "1.1.2"
    "@tensorflow/tfjs-data" "1.1.2"
    "@tensorflow/tfjs-layers" "1.1.2"

"@tensorflow/tfjs@^1.0.2":
  version "1.7.4"
  resolved "https://registry.yarnpkg.com/@tensorflow/tfjs/-/tfjs-1.7.4.tgz#ea5483bc4b34f5a4c66d600e456c25b6071ea75e"
  integrity sha512-XWGwRQ/ECEoQacd74JY/dmbLdnMpwtq3H8tls45dQ+GJ553Advir1FDo/aQt0Yr6fTimQDeiOIG4Mcb5KduP/w==
  dependencies:
    "@tensorflow/tfjs-converter" "1.7.4"
    "@tensorflow/tfjs-core" "1.7.4"
    "@tensorflow/tfjs-data" "1.7.4"
    "@tensorflow/tfjs-layers" "1.7.4"

"@types/node-fetch@^2.1.2":
  version "2.5.8"
  resolved "https://registry.yarnpkg.com/@types/node-fetch/-/node-fetch-2.5.8.tgz#e199c835d234c7eb0846f6618012e558544ee2fb"
  integrity sha512-fbjI6ja0N5ZA8TV53RUqzsKNkl9fv8Oj3T7zxW7FGv1GSH7gwJaNF8dzCjrqKaxKeUpTz4yT1DaJFq/omNpGfw==
  dependencies:
    "@types/node" "*"
    form-data "^3.0.0"

"@types/node@*":
  version "14.14.36"
  resolved "https://registry.yarnpkg.com/@types/node/-/node-14.14.36.tgz#5637905dbb15c30a33a3c65b9ef7c20e3c85ebad"
  integrity sha512-kjivUwDJfIjngzbhooRnOLhGYz6oRFi+L+EpMjxroDYXwDw9lHrJJ43E+dJ6KAd3V3WxWAJ/qZE9XKYHhjPOFQ==

"@types/offscreencanvas@~2019.3.0":
  version "2019.3.0"
  resolved "https://registry.yarnpkg.com/@types/offscreencanvas/-/offscreencanvas-2019.3.0.tgz#3336428ec7e9180cf4566dfea5da04eb586a6553"
  integrity sha512-esIJx9bQg+QYF0ra8GnvfianIY8qWB0GBx54PK5Eps6m+xTj86KLavHv6qDhzKcu5UUOgNfJ2pWaIIV7TRUd9Q==

"@types/seedrandom@2.4.27":
  version "2.4.27"
  resolved "https://registry.yarnpkg.com/@types/seedrandom/-/seedrandom-2.4.27.tgz#9db563937dd86915f69092bc43259d2f48578e41"
  integrity sha1-nbVjk33YaRX2kJK8QyWdL0hXjkE=

"@types/webgl-ext@0.0.30":
  version "0.0.30"
  resolved "https://registry.yarnpkg.com/@types/webgl-ext/-/webgl-ext-0.0.30.tgz#0ce498c16a41a23d15289e0b844d945b25f0fb9d"
  integrity sha512-LKVgNmBxN0BbljJrVUwkxwRYqzsAEPcZOe6S2T6ZaBDIrFp0qu4FNlpc5sM1tGbXUYFgdVQIoeLk1Y1UoblyEg==

"@types/webgl2@0.0.4":
  version "0.0.4"
  resolved "https://registry.yarnpkg.com/@types/webgl2/-/webgl2-0.0.4.tgz#c3b0f9d6b465c66138e84e64cb3bdf8373c2c279"
  integrity sha512-PACt1xdErJbMUOUweSrbVM7gSIYm1vTncW2hF6Os/EeWi6TXYAYMPp+8v6rzHmypE5gHrxaxZNXgMkJVIdZpHw==

asynckit@^0.4.0:
  version "0.4.0"
  resolved "https://registry.yarnpkg.com/asynckit/-/asynckit-0.4.0.tgz#c79ed97f7f34cb8f2ba1bc9790bcc366474b4b79"
  integrity sha1-x57Zf380y48robyXkLzDZkdLS3k=

bootstrap@4.6.0:
  version "4.6.0"
  resolved "https://registry.yarnpkg.com/bootstrap/-/bootstrap-4.6.0.tgz#97b9f29ac98f98dfa43bf7468262d84392552fd7"
  integrity sha512-Io55IuQY3kydzHtbGvQya3H+KorS/M9rSNyfCGCg9WZ4pyT/lCxIlpJgG1GXW/PswzC84Tr2fBYi+7+jFVQQBw==

combined-stream@^1.0.8:
  version "1.0.8"
  resolved "https://registry.yarnpkg.com/combined-stream/-/combined-stream-1.0.8.tgz#c3d45a8b34fd730631a110a8a2520682b31d5a7f"
  integrity sha512-FQN4MRfuJeHf7cBbBMJFXhKSDq+2kAArBlmRBvcvFE5BB1HZKXtSFASDhdlz9zOYwxh8lDdnvmMOe/+5cdoEdg==
  dependencies:
    delayed-stream "~1.0.0"

delayed-stream@~1.0.0:
  version "1.0.0"
  resolved "https://registry.yarnpkg.com/delayed-stream/-/delayed-stream-1.0.0.tgz#df3ae199acadfb7d440aaae0b29e2272b24ec619"
  integrity sha1-3zrhmayt+31ECqrgsp4icrJOxhk=

events@^3.0.0:
  version "3.3.0"
  resolved "https://registry.yarnpkg.com/events/-/events-3.3.0.tgz#31a95ad0a924e2d2c419a813aeb2c4e878ea7400"
  integrity sha512-mQw+2fkQbALzQ7V0MY0IqdnXNOeTtP4r0lN9z7AAawCXgqea7bDii20AYrIBrFd/Hx0M2Ocz6S111CaFkUcb0Q==

form-data@^3.0.0:
  version "3.0.1"
  resolved "https://registry.yarnpkg.com/form-data/-/form-data-3.0.1.tgz#ebd53791b78356a99af9a300d4282c4d5eb9755f"
  integrity sha512-RHkBKtLWUVwd7SqRIvCZMEvAMoGUp0XU+seQiZejj0COz3RI3hWP4sCv3gZWWLjJTd7rGwcsF5eKZGii0r/hbg==
  dependencies:
    asynckit "^0.4.0"
    combined-stream "^1.0.8"
    mime-types "^2.1.12"

is-wsl@^1.1.0:
  version "1.1.0"
  resolved "https://registry.yarnpkg.com/is-wsl/-/is-wsl-1.1.0.tgz#1f16e4aa22b04d1336b66188a66af3c600c3a66d"
  integrity sha1-HxbkqiKwTRM2tmGIpmrzxgDDpm0=

jquery@3.5.1:
  version "3.5.1"
  resolved "https://registry.yarnpkg.com/jquery/-/jquery-3.5.1.tgz#d7b4d08e1bfdb86ad2f1a3d039ea17304717abb5"
  integrity sha512-XwIBPqcMn57FxfT+Go5pzySnm4KWkT1Tv7gjrpT1srtf8Weynl6R273VJ5GjkRb51IzMp5nbaPjJXMWeju2MKg==

mime-db@1.46.0:
  version "1.46.0"
  resolved "https://registry.yarnpkg.com/mime-db/-/mime-db-1.46.0.tgz#6267748a7f799594de3cbc8cde91def349661cee"
  integrity sha512-svXaP8UQRZ5K7or+ZmfNhg2xX3yKDMUzqadsSqi4NCH/KomcH75MAMYAGVlvXn4+b/xOPhS3I2uHKRUzvjY7BQ==

mime-types@^2.1.12:
  version "2.1.29"
  resolved "https://registry.yarnpkg.com/mime-types/-/mime-types-2.1.29.tgz#1d4ab77da64b91f5f72489df29236563754bb1b2"
  integrity sha512-Y/jMt/S5sR9OaqteJtslsFZKWOIIqMACsJSiHghlCAyhf7jfVYjKBmLiX8OgpWeW+fjJ2b+Az69aPFPkUOY6xQ==
  dependencies:
    mime-db "1.46.0"

minimist@^1.2.5:
  version "1.2.5"
  resolved "https://registry.yarnpkg.com/minimist/-/minimist-1.2.5.tgz#67d66014b66a6a8aaa0c083c5fd58df4e4e97602"
  integrity sha512-FM9nNUYrRBAELZQT3xeZQ7fmMOBg6nWNmJKTcgsJeaLstP/UODVpGsr5OhXhhXg6f+qtJ8uiZ+PUxkDWcgIXLw==

mkdirp@^0.5.1:
  version "0.5.5"
  resolved "https://registry.yarnpkg.com/mkdirp/-/mkdirp-0.5.5.tgz#d91cefd62d1436ca0f41620e251288d420099def"
  integrity sha512-NKmAlESf6jMGym1++R0Ra7wvhV+wFW63FaSOFPwRahvea0gMUcGUhVeAg/0BC0wiv9ih5NYPB1Wn1UEI1/L+xQ==
  dependencies:
    minimist "^1.2.5"

ml5@0.3.1:
  version "0.3.1"
  resolved "https://registry.yarnpkg.com/ml5/-/ml5-0.3.1.tgz#4c441aa2cb05a69bb1ce02fa9313ca0b896a504b"
  integrity sha512-g2lWKOV0NLW+LNaH19/wnLvax7Fo2POzHWMocOfSff8nciCl4gwuchGURABvYLXDtKwJP+/EbARH8czceNW/RQ==
  dependencies:
    "@magenta/sketch" "0.2.0"
    "@tensorflow-models/body-pix" "1.0.1"
    "@tensorflow-models/knn-classifier" "1.0.0"
    "@tensorflow-models/mobilenet" "1.0.0"
    "@tensorflow-models/posenet" "1.0.0"
    "@tensorflow-models/speech-commands" "0.3.8"
    "@tensorflow/tfjs" "1.1.2"
    events "^3.0.0"

node-fetch@~2.1.2:
  version "2.1.2"
  resolved "https://registry.yarnpkg.com/node-fetch/-/node-fetch-2.1.2.tgz#ab884e8e7e57e38a944753cec706f788d1768bb5"
  integrity sha1-q4hOjn5X44qUR1POxwb3iNF2i7U=

opn@^5.4.0:
  version "5.5.0"
  resolved "https://registry.yarnpkg.com/opn/-/opn-5.5.0.tgz#fc7164fab56d235904c51c3b27da6758ca3b9bfc"
  integrity sha512-PqHpggC9bLV0VeWcdKhkpxY+3JTzetLSqTCWL/z/tFIbI6G8JCjondXklT1JinczLz2Xib62sSp0T/gKT4KksA==
  dependencies:
    is-wsl "^1.1.0"

p5@0.9.0:
  version "0.9.0"
  resolved "https://registry.yarnpkg.com/p5/-/p5-0.9.0.tgz#a4431bf2a0ff6ede06e2c512faddb495c3332504"
  integrity sha512-N8FzKr9SKofl4f+d9g6oYDRk5JOYgY1bIhCInzNxW7khc1zk7whQIOhaHeijSslfN3rJYfWso6Fn3O/w+TCwLg==

popper.js@1.16.1:
  version "1.16.1"
  resolved "https://registry.yarnpkg.com/popper.js/-/popper.js-1.16.1.tgz#2a223cb3dc7b6213d740e40372be40de43e65b1b"
  integrity sha512-Wb4p1J4zyFTbM+u6WuO4XstYx4Ky9Cewe4DWrel7B0w6VVICvPwdOpotjzcf6eD8TsckVnIMNONQyPIUFOUbCQ==

rollup-plugin-visualizer@~1.1.1:
  version "1.1.1"
  resolved "https://registry.yarnpkg.com/rollup-plugin-visualizer/-/rollup-plugin-visualizer-1.1.1.tgz#454ae0aed23845407ebfb81cc52114af308d6d90"
  integrity sha512-7xkSKp+dyJmSC7jg2LXqViaHuOnF1VvIFCnsZEKjrgT5ZVyiLLSbeszxFcQSfNJILphqgAEmWAUz0Z4xYScrRw==
  dependencies:
    mkdirp "^0.5.1"
    opn "^5.4.0"
    source-map "^0.7.3"
    typeface-oswald "0.0.54"

seedrandom@2.4.3:
  version "2.4.3"
  resolved "https://registry.yarnpkg.com/seedrandom/-/seedrandom-2.4.3.tgz#2438504dad33917314bff18ac4d794f16d6aaecc"
  integrity sha1-JDhQTa0zkXMUv/GKxNeU8W1qrsw=

source-map@^0.7.3:
  version "0.7.3"
  resolved "https://registry.yarnpkg.com/source-map/-/source-map-0.7.3.tgz#5302f8169031735226544092e64981f751750383"
  integrity sha512-CkCj6giN3S+n9qrYiBTX5gystlENnRW5jZeNLHpe6aue+SrHcG5VYwujhW9s4dY31mEGsxBDrHR6oI69fTXsaQ==

typeface-oswald@0.0.54:
  version "0.0.54"
  resolved "https://registry.yarnpkg.com/typeface-oswald/-/typeface-oswald-0.0.54.tgz#1e253011622cdd50f580c04e7d625e7f449763d7"
  integrity sha512-U1WMNp4qfy4/3khIfHMVAIKnNu941MXUfs3+H9R8PFgnoz42Hh9pboSFztWr86zut0eXC8byalmVhfkiKON/8Q==
